// !$*UTF8*$!
{
	archiveVersion = 1;
	classes = {
	};
	objectVersion = 56;
	objects = {

/* Begin PBXBuildFile section */
		D70A7D3E2B8E9D8700DCD95B /* AppDelegate.swift in Sources */ = {isa = PBXBuildFile; fileRef = D70A7D3D2B8E9D8700DCD95B /* AppDelegate.swift */; };
		D70A7D402B8E9D8700DCD95B /* SceneDelegate.swift in Sources */ = {isa = PBXBuildFile; fileRef = D70A7D3F2B8E9D8700DCD95B /* SceneDelegate.swift */; };
		D70A7D422B8E9D8700DCD95B /* ViewController.swift in Sources */ = {isa = PBXBuildFile; fileRef = D70A7D412B8E9D8700DCD95B /* ViewController.swift */; };
		D70A7D452B8E9D8700DCD95B /* Main.storyboard in Resources */ = {isa = PBXBuildFile; fileRef = D70A7D432B8E9D8700DCD95B /* Main.storyboard */; };
		D70A7D472B8E9D8800DCD95B /* Assets.xcassets in Resources */ = {isa = PBXBuildFile; fileRef = D70A7D462B8E9D8800DCD95B /* Assets.xcassets */; };
		D70A7D4A2B8E9D8800DCD95B /* LaunchScreen.storyboard in Resources */ = {isa = PBXBuildFile; fileRef = D70A7D482B8E9D8800DCD95B /* LaunchScreen.storyboard */; };
		D70A7D552B8E9D8900DCD95B /* TaskTrailTests.swift in Sources */ = {isa = PBXBuildFile; fileRef = D70A7D542B8E9D8900DCD95B /* TaskTrailTests.swift */; };
		D70A7D5F2B8E9D8900DCD95B /* TaskTrailUITests.swift in Sources */ = {isa = PBXBuildFile; fileRef = D70A7D5E2B8E9D8900DCD95B /* TaskTrailUITests.swift */; };
		D70A7D612B8E9D8900DCD95B /* TaskTrailUITestsLaunchTests.swift in Sources */ = {isa = PBXBuildFile; fileRef = D70A7D602B8E9D8900DCD95B /* TaskTrailUITestsLaunchTests.swift */; };
/* End PBXBuildFile section */

/* Begin PBXContainerItemProxy section */
		D70A7D512B8E9D8900DCD95B /* PBXContainerItemProxy */ = {
			isa = PBXContainerItemProxy;
			containerPortal = D70A7D322B8E9D8700DCD95B /* Project object */;
			proxyType = 1;
			remoteGlobalIDString = D70A7D392B8E9D8700DCD95B;
			remoteInfo = TaskTrail;
		};
		D70A7D5B2B8E9D8900DCD95B /* PBXContainerItemProxy */ = {
			isa = PBXContainerItemProxy;
			containerPortal = D70A7D322B8E9D8700DCD95B /* Project object */;
			proxyType = 1;
			remoteGlobalIDString = D70A7D392B8E9D8700DCD95B;
			remoteInfo = TaskTrail;
		};
/* End PBXContainerItemProxy section */

/* Begin PBXFileReference section */
		D70A7D3A2B8E9D8700DCD95B /* TaskTrail.app */ = {isa = PBXFileReference; explicitFileType = wrapper.application; includeInIndex = 0; path = TaskTrail.app; sourceTree = BUILT_PRODUCTS_DIR; };
		D70A7D3D2B8E9D8700DCD95B /* AppDelegate.swift */ = {isa = PBXFileReference; lastKnownFileType = sourcecode.swift; path = AppDelegate.swift; sourceTree = "<group>"; };
		D70A7D3F2B8E9D8700DCD95B /* SceneDelegate.swift */ = {isa = PBXFileReference; lastKnownFileType = sourcecode.swift; path = SceneDelegate.swift; sourceTree = "<group>"; };
		D70A7D412B8E9D8700DCD95B /* ViewController.swift */ = {isa = PBXFileReference; lastKnownFileType = sourcecode.swift; path = ViewController.swift; sourceTree = "<group>"; };
		D70A7D442B8E9D8700DCD95B /* Base */ = {isa = PBXFileReference; lastKnownFileType = file.storyboard; name = Base; path = Base.lproj/Main.storyboard; sourceTree = "<group>"; };
		D70A7D462B8E9D8800DCD95B /* Assets.xcassets */ = {isa = PBXFileReference; lastKnownFileType = folder.assetcatalog; path = Assets.xcassets; sourceTree = "<group>"; };
		D70A7D492B8E9D8800DCD95B /* Base */ = {isa = PBXFileReference; lastKnownFileType = file.storyboard; name = Base; path = Base.lproj/LaunchScreen.storyboard; sourceTree = "<group>"; };
		D70A7D4B2B8E9D8800DCD95B /* Info.plist */ = {isa = PBXFileReference; lastKnownFileType = text.plist.xml; path = Info.plist; sourceTree = "<group>"; };
		D70A7D502B8E9D8900DCD95B /* TaskTrailTests.xctest */ = {isa = PBXFileReference; explicitFileType = wrapper.cfbundle; includeInIndex = 0; path = TaskTrailTests.xctest; sourceTree = BUILT_PRODUCTS_DIR; };
		D70A7D542B8E9D8900DCD95B /* TaskTrailTests.swift */ = {isa = PBXFileReference; lastKnownFileType = sourcecode.swift; path = TaskTrailTests.swift; sourceTree = "<group>"; };
		D70A7D5A2B8E9D8900DCD95B /* TaskTrailUITests.xctest */ = {isa = PBXFileReference; explicitFileType = wrapper.cfbundle; includeInIndex = 0; path = TaskTrailUITests.xctest; sourceTree = BUILT_PRODUCTS_DIR; };
		D70A7D5E2B8E9D8900DCD95B /* TaskTrailUITests.swift */ = {isa = PBXFileReference; lastKnownFileType = sourcecode.swift; path = TaskTrailUITests.swift; sourceTree = "<group>"; };
		D70A7D602B8E9D8900DCD95B /* TaskTrailUITestsLaunchTests.swift */ = {isa = PBXFileReference; lastKnownFileType = sourcecode.swift; path = TaskTrailUITestsLaunchTests.swift; sourceTree = "<group>"; };
/* End PBXFileReference section */

/* Begin PBXFrameworksBuildPhase section */
		D70A7D372B8E9D8700DCD95B /* Frameworks */ = {
			isa = PBXFrameworksBuildPhase;
			buildActionMask = 2147483647;
			files = (
			);
			runOnlyForDeploymentPostprocessing = 0;
		};
		D70A7D4D2B8E9D8900DCD95B /* Frameworks */ = {
			isa = PBXFrameworksBuildPhase;
			buildActionMask = 2147483647;
			files = (
			);
			runOnlyForDeploymentPostprocessing = 0;
		};
		D70A7D572B8E9D8900DCD95B /* Frameworks */ = {
			isa = PBXFrameworksBuildPhase;
			buildActionMask = 2147483647;
			files = (
			);
			runOnlyForDeploymentPostprocessing = 0;
		};
/* End PBXFrameworksBuildPhase section */

/* Begin PBXGroup section */
		D70A7D312B8E9D8700DCD95B = {
			isa = PBXGroup;
			children = (
				D70A7D3C2B8E9D8700DCD95B /* TaskTrail */,
				D70A7D532B8E9D8900DCD95B /* TaskTrailTests */,
				D70A7D5D2B8E9D8900DCD95B /* TaskTrailUITests */,
				D70A7D3B2B8E9D8700DCD95B /* Products */,
			);
			sourceTree = "<group>";
		};
		D70A7D3B2B8E9D8700DCD95B /* Products */ = {
			isa = PBXGroup;
			children = (
				D70A7D3A2B8E9D8700DCD95B /* TaskTrail.app */,
				D70A7D502B8E9D8900DCD95B /* TaskTrailTests.xctest */,
				D70A7D5A2B8E9D8900DCD95B /* TaskTrailUITests.xctest */,
			);
			name = Products;
			sourceTree = "<group>";
		};
		D70A7D3C2B8E9D8700DCD95B /* TaskTrail */ = {
			isa = PBXGroup;
			children = (
				D70A7D3D2B8E9D8700DCD95B /* AppDelegate.swift */,
				D70A7D3F2B8E9D8700DCD95B /* SceneDelegate.swift */,
				D70A7D412B8E9D8700DCD95B /* ViewController.swift */,
				D70A7D432B8E9D8700DCD95B /* Main.storyboard */,
				D70A7D462B8E9D8800DCD95B /* Assets.xcassets */,
				D70A7D482B8E9D8800DCD95B /* LaunchScreen.storyboard */,
				D70A7D4B2B8E9D8800DCD95B /* Info.plist */,
			);
			path = TaskTrail;
			sourceTree = "<group>";
		};
		D70A7D532B8E9D8900DCD95B /* TaskTrailTests */ = {
			isa = PBXGroup;
			children = (
				D70A7D542B8E9D8900DCD95B /* TaskTrailTests.swift */,
			);
			path = TaskTrailTests;
			sourceTree = "<group>";
		};
		D70A7D5D2B8E9D8900DCD95B /* TaskTrailUITests */ = {
			isa = PBXGroup;
			children = (
				D70A7D5E2B8E9D8900DCD95B /* TaskTrailUITests.swift */,
				D70A7D602B8E9D8900DCD95B /* TaskTrailUITestsLaunchTests.swift */,
			);
			path = TaskTrailUITests;
			sourceTree = "<group>";
		};
/* End PBXGroup section */

/* Begin PBXNativeTarget section */
		D70A7D392B8E9D8700DCD95B /* TaskTrail */ = {
			isa = PBXNativeTarget;
			buildConfigurationList = D70A7D642B8E9D8900DCD95B /* Build configuration list for PBXNativeTarget "TaskTrail" */;
			buildPhases = (
				D70A7D362B8E9D8700DCD95B /* Sources */,
				D70A7D372B8E9D8700DCD95B /* Frameworks */,
				D70A7D382B8E9D8700DCD95B /* Resources */,
			);
			buildRules = (
			);
			dependencies = (
			);
			name = TaskTrail;
			productName = TaskTrail;
			productReference = D70A7D3A2B8E9D8700DCD95B /* TaskTrail.app */;
			productType = "com.apple.product-type.application";
		};
		D70A7D4F2B8E9D8900DCD95B /* TaskTrailTests */ = {
			isa = PBXNativeTarget;
			buildConfigurationList = D70A7D672B8E9D8900DCD95B /* Build configuration list for PBXNativeTarget "TaskTrailTests" */;
			buildPhases = (
				D70A7D4C2B8E9D8900DCD95B /* Sources */,
				D70A7D4D2B8E9D8900DCD95B /* Frameworks */,
				D70A7D4E2B8E9D8900DCD95B /* Resources */,
			);
			buildRules = (
			);
			dependencies = (
				D70A7D522B8E9D8900DCD95B /* PBXTargetDependency */,
			);
			name = TaskTrailTests;
			productName = TaskTrailTests;
			productReference = D70A7D502B8E9D8900DCD95B /* TaskTrailTests.xctest */;
			productType = "com.apple.product-type.bundle.unit-test";
		};
		D70A7D592B8E9D8900DCD95B /* TaskTrailUITests */ = {
			isa = PBXNativeTarget;
			buildConfigurationList = D70A7D6A2B8E9D8900DCD95B /* Build configuration list for PBXNativeTarget "TaskTrailUITests" */;
			buildPhases = (
				D70A7D562B8E9D8900DCD95B /* Sources */,
				D70A7D572B8E9D8900DCD95B /* Frameworks */,
				D70A7D582B8E9D8900DCD95B /* Resources */,
			);
			buildRules = (
			);
			dependencies = (
				D70A7D5C2B8E9D8900DCD95B /* PBXTargetDependency */,
			);
			name = TaskTrailUITests;
			productName = TaskTrailUITests;
			productReference = D70A7D5A2B8E9D8900DCD95B /* TaskTrailUITests.xctest */;
			productType = "com.apple.product-type.bundle.ui-testing";
		};
/* End PBXNativeTarget section */

/* Begin PBXProject section */
		D70A7D322B8E9D8700DCD95B /* Project object */ = {
			isa = PBXProject;
			attributes = {
				BuildIndependentTargetsInParallel = 1;
				LastSwiftUpdateCheck = 1520;
				LastUpgradeCheck = 1520;
				TargetAttributes = {
					D70A7D392B8E9D8700DCD95B = {
						CreatedOnToolsVersion = 15.2;
					};
					D70A7D4F2B8E9D8900DCD95B = {
						CreatedOnToolsVersion = 15.2;
						TestTargetID = D70A7D392B8E9D8700DCD95B;
					};
					D70A7D592B8E9D8900DCD95B = {
						CreatedOnToolsVersion = 15.2;
						TestTargetID = D70A7D392B8E9D8700DCD95B;
					};
				};
			};
			buildConfigurationList = D70A7D352B8E9D8700DCD95B /* Build configuration list for PBXProject "TaskTrail" */;
			compatibilityVersion = "Xcode 14.0";
			developmentRegion = en;
			hasScannedForEncodings = 0;
			knownRegions = (
				en,
				Base,
			);
			mainGroup = D70A7D312B8E9D8700DCD95B;
			productRefGroup = D70A7D3B2B8E9D8700DCD95B /* Products */;
			projectDirPath = "";
			projectRoot = "";
			targets = (
				D70A7D392B8E9D8700DCD95B /* TaskTrail */,
				D70A7D4F2B8E9D8900DCD95B /* TaskTrailTests */,
				D70A7D592B8E9D8900DCD95B /* TaskTrailUITests */,
			);
		};
/* End PBXProject section */

/* Begin PBXResourcesBuildPhase section */
		D70A7D382B8E9D8700DCD95B /* Resources */ = {
			isa = PBXResourcesBuildPhase;
			buildActionMask = 2147483647;
			files = (
				D70A7D4A2B8E9D8800DCD95B /* LaunchScreen.storyboard in Resources */,
				D70A7D472B8E9D8800DCD95B /* Assets.xcassets in Resources */,
				D70A7D452B8E9D8700DCD95B /* Main.storyboard in Resources */,
			);
			runOnlyForDeploymentPostprocessing = 0;
		};
		D70A7D4E2B8E9D8900DCD95B /* Resources */ = {
			isa = PBXResourcesBuildPhase;
			buildActionMask = 2147483647;
			files = (
			);
			runOnlyForDeploymentPostprocessing = 0;
		};
		D70A7D582B8E9D8900DCD95B /* Resources */ = {
			isa = PBXResourcesBuildPhase;
			buildActionMask = 2147483647;
			files = (
			);
			runOnlyForDeploymentPostprocessing = 0;
		};
/* End PBXResourcesBuildPhase section */

/* Begin PBXSourcesBuildPhase section */
		D70A7D362B8E9D8700DCD95B /* Sources */ = {
			isa = PBXSourcesBuildPhase;
			buildActionMask = 2147483647;
			files = (
				D70A7D422B8E9D8700DCD95B /* ViewController.swift in Sources */,
				D70A7D3E2B8E9D8700DCD95B /* AppDelegate.swift in Sources */,
				D70A7D402B8E9D8700DCD95B /* SceneDelegate.swift in Sources */,
			);
			runOnlyForDeploymentPostprocessing = 0;
		};
		D70A7D4C2B8E9D8900DCD95B /* Sources */ = {
			isa = PBXSourcesBuildPhase;
			buildActionMask = 2147483647;
			files = (
				D70A7D552B8E9D8900DCD95B /* TaskTrailTests.swift in Sources */,
			);
			runOnlyForDeploymentPostprocessing = 0;
		};
		D70A7D562B8E9D8900DCD95B /* Sources */ = {
			isa = PBXSourcesBuildPhase;
			buildActionMask = 2147483647;
			files = (
				D70A7D612B8E9D8900DCD95B /* TaskTrailUITestsLaunchTests.swift in Sources */,
				D70A7D5F2B8E9D8900DCD95B /* TaskTrailUITests.swift in Sources */,
			);
			runOnlyForDeploymentPostprocessing = 0;
		};
/* End PBXSourcesBuildPhase section */

/* Begin PBXTargetDependency section */
		D70A7D522B8E9D8900DCD95B /* PBXTargetDependency */ = {
			isa = PBXTargetDependency;
			target = D70A7D392B8E9D8700DCD95B /* TaskTrail */;
			targetProxy = D70A7D512B8E9D8900DCD95B /* PBXContainerItemProxy */;
		};
		D70A7D5C2B8E9D8900DCD95B /* PBXTargetDependency */ = {
			isa = PBXTargetDependency;
			target = D70A7D392B8E9D8700DCD95B /* TaskTrail */;
			targetProxy = D70A7D5B2B8E9D8900DCD95B /* PBXContainerItemProxy */;
		};
/* End PBXTargetDependency section */

/* Begin PBXVariantGroup section */
		D70A7D432B8E9D8700DCD95B /* Main.storyboard */ = {
			isa = PBXVariantGroup;
			children = (
				D70A7D442B8E9D8700DCD95B /* Base */,
			);
			name = Main.storyboard;
			sourceTree = "<group>";
		};
		D70A7D482B8E9D8800DCD95B /* LaunchScreen.storyboard */ = {
			isa = PBXVariantGroup;
			children = (
				D70A7D492B8E9D8800DCD95B /* Base */,
			);
			name = LaunchScreen.storyboard;
			sourceTree = "<group>";
		};
/* End PBXVariantGroup section */

/* Begin XCBuildConfiguration section */
		D70A7D622B8E9D8900DCD95B /* Debug */ = {
			isa = XCBuildConfiguration;
			buildSettings = {
				ALWAYS_SEARCH_USER_PATHS = NO;
				ASSETCATALOG_COMPILER_GENERATE_SWIFT_ASSET_SYMBOL_EXTENSIONS = YES;
				CLANG_ANALYZER_NONNULL = YES;
				CLANG_ANALYZER_NUMBER_OBJECT_CONVERSION = YES_AGGRESSIVE;
				CLANG_CXX_LANGUAGE_STANDARD = "gnu++20";
				CLANG_ENABLE_MODULES = YES;
				CLANG_ENABLE_OBJC_ARC = YES;
				CLANG_ENABLE_OBJC_WEAK = YES;
				CLANG_WARN_BLOCK_CAPTURE_AUTORELEASING = YES;
				CLANG_WARN_BOOL_CONVERSION = YES;
				CLANG_WARN_COMMA = YES;
				CLANG_WARN_CONSTANT_CONVERSION = YES;
				CLANG_WARN_DEPRECATED_OBJC_IMPLEMENTATIONS = YES;
				CLANG_WARN_DIRECT_OBJC_ISA_USAGE = YES_ERROR;
				CLANG_WARN_DOCUMENTATION_COMMENTS = YES;
				CLANG_WARN_EMPTY_BODY = YES;
				CLANG_WARN_ENUM_CONVERSION = YES;
				CLANG_WARN_INFINITE_RECURSION = YES;
				CLANG_WARN_INT_CONVERSION = YES;
				CLANG_WARN_NON_LITERAL_NULL_CONVERSION = YES;
				CLANG_WARN_OBJC_IMPLICIT_RETAIN_SELF = YES;
				CLANG_WARN_OBJC_LITERAL_CONVERSION = YES;
				CLANG_WARN_OBJC_ROOT_CLASS = YES_ERROR;
				CLANG_WARN_QUOTED_INCLUDE_IN_FRAMEWORK_HEADER = YES;
				CLANG_WARN_RANGE_LOOP_ANALYSIS = YES;
				CLANG_WARN_STRICT_PROTOTYPES = YES;
				CLANG_WARN_SUSPICIOUS_MOVE = YES;
				CLANG_WARN_UNGUARDED_AVAILABILITY = YES_AGGRESSIVE;
				CLANG_WARN_UNREACHABLE_CODE = YES;
				CLANG_WARN__DUPLICATE_METHOD_MATCH = YES;
				COPY_PHASE_STRIP = NO;
				DEBUG_INFORMATION_FORMAT = dwarf;
				ENABLE_STRICT_OBJC_MSGSEND = YES;
				ENABLE_TESTABILITY = YES;
				ENABLE_USER_SCRIPT_SANDBOXING = YES;
				GCC_C_LANGUAGE_STANDARD = gnu17;
				GCC_DYNAMIC_NO_PIC = NO;
				GCC_NO_COMMON_BLOCKS = YES;
				GCC_OPTIMIZATION_LEVEL = 0;
				GCC_PREPROCESSOR_DEFINITIONS = (
					"DEBUG=1",
					"$(inherited)",
				);
				GCC_WARN_64_TO_32_BIT_CONVERSION = YES;
				GCC_WARN_ABOUT_RETURN_TYPE = YES_ERROR;
				GCC_WARN_UNDECLARED_SELECTOR = YES;
				GCC_WARN_UNINITIALIZED_AUTOS = YES_AGGRESSIVE;
				GCC_WARN_UNUSED_FUNCTION = YES;
				GCC_WARN_UNUSED_VARIABLE = YES;
				IPHONEOS_DEPLOYMENT_TARGET = 17.2;
				LOCALIZATION_PREFERS_STRING_CATALOGS = YES;
				MTL_ENABLE_DEBUG_INFO = INCLUDE_SOURCE;
				MTL_FAST_MATH = YES;
				ONLY_ACTIVE_ARCH = YES;
				SDKROOT = iphoneos;
				SWIFT_ACTIVE_COMPILATION_CONDITIONS = "DEBUG $(inherited)";
				SWIFT_OPTIMIZATION_LEVEL = "-Onone";
			};
			name = Debug;
		};
		D70A7D632B8E9D8900DCD95B /* Release */ = {
			isa = XCBuildConfiguration;
			buildSettings = {
				ALWAYS_SEARCH_USER_PATHS = NO;
				ASSETCATALOG_COMPILER_GENERATE_SWIFT_ASSET_SYMBOL_EXTENSIONS = YES;
				CLANG_ANALYZER_NONNULL = YES;
				CLANG_ANALYZER_NUMBER_OBJECT_CONVERSION = YES_AGGRESSIVE;
				CLANG_CXX_LANGUAGE_STANDARD = "gnu++20";
				CLANG_ENABLE_MODULES = YES;
				CLANG_ENABLE_OBJC_ARC = YES;
				CLANG_ENABLE_OBJC_WEAK = YES;
				CLANG_WARN_BLOCK_CAPTURE_AUTORELEASING = YES;
				CLANG_WARN_BOOL_CONVERSION = YES;
				CLANG_WARN_COMMA = YES;
				CLANG_WARN_CONSTANT_CONVERSION = YES;
				CLANG_WARN_DEPRECATED_OBJC_IMPLEMENTATIONS = YES;
				CLANG_WARN_DIRECT_OBJC_ISA_USAGE = YES_ERROR;
				CLANG_WARN_DOCUMENTATION_COMMENTS = YES;
				CLANG_WARN_EMPTY_BODY = YES;
				CLANG_WARN_ENUM_CONVERSION = YES;
				CLANG_WARN_INFINITE_RECURSION = YES;
				CLANG_WARN_INT_CONVERSION = YES;
				CLANG_WARN_NON_LITERAL_NULL_CONVERSION = YES;
				CLANG_WARN_OBJC_IMPLICIT_RETAIN_SELF = YES;
				CLANG_WARN_OBJC_LITERAL_CONVERSION = YES;
				CLANG_WARN_OBJC_ROOT_CLASS = YES_ERROR;
				CLANG_WARN_QUOTED_INCLUDE_IN_FRAMEWORK_HEADER = YES;
				CLANG_WARN_RANGE_LOOP_ANALYSIS = YES;
				CLANG_WARN_STRICT_PROTOTYPES = YES;
				CLANG_WARN_SUSPICIOUS_MOVE = YES;
				CLANG_WARN_UNGUARDED_AVAILABILITY = YES_AGGRESSIVE;
				CLANG_WARN_UNREACHABLE_CODE = YES;
				CLANG_WARN__DUPLICATE_METHOD_MATCH = YES;
				COPY_PHASE_STRIP = NO;
				DEBUG_INFORMATION_FORMAT = "dwarf-with-dsym";
				ENABLE_NS_ASSERTIONS = NO;
				ENABLE_STRICT_OBJC_MSGSEND = YES;
				ENABLE_USER_SCRIPT_SANDBOXING = YES;
				GCC_C_LANGUAGE_STANDARD = gnu17;
				GCC_NO_COMMON_BLOCKS = YES;
				GCC_WARN_64_TO_32_BIT_CONVERSION = YES;
				GCC_WARN_ABOUT_RETURN_TYPE = YES_ERROR;
				GCC_WARN_UNDECLARED_SELECTOR = YES;
				GCC_WARN_UNINITIALIZED_AUTOS = YES_AGGRESSIVE;
				GCC_WARN_UNUSED_FUNCTION = YES;
				GCC_WARN_UNUSED_VARIABLE = YES;
				IPHONEOS_DEPLOYMENT_TARGET = 17.2;
				LOCALIZATION_PREFERS_STRING_CATALOGS = YES;
				MTL_ENABLE_DEBUG_INFO = NO;
				MTL_FAST_MATH = YES;
				SDKROOT = iphoneos;
				SWIFT_COMPILATION_MODE = wholemodule;
				VALIDATE_PRODUCT = YES;
			};
			name = Release;
		};
		D70A7D652B8E9D8900DCD95B /* Debug */ = {
			isa = XCBuildConfiguration;
			buildSettings = {
				ASSETCATALOG_COMPILER_APPICON_NAME = AppIcon;
				ASSETCATALOG_COMPILER_GLOBAL_ACCENT_COLOR_NAME = AccentColor;
				CODE_SIGN_STYLE = Automatic;
				CURRENT_PROJECT_VERSION = 1;
				GENERATE_INFOPLIST_FILE = YES;
				INFOPLIST_FILE = TaskTrail/Info.plist;
				INFOPLIST_KEY_UIApplicationSupportsIndirectInputEvents = YES;
				INFOPLIST_KEY_UILaunchStoryboardName = LaunchScreen;
				INFOPLIST_KEY_UIMainStoryboardFile = Main;
				INFOPLIST_KEY_UISupportedInterfaceOrientations_iPad = "UIInterfaceOrientationPortrait UIInterfaceOrientationPortraitUpsideDown UIInterfaceOrientationLandscapeLeft UIInterfaceOrientationLandscapeRight";
				INFOPLIST_KEY_UISupportedInterfaceOrientations_iPhone = "UIInterfaceOrientationPortrait UIInterfaceOrientationLandscapeLeft UIInterfaceOrientationLandscapeRight";
				LD_RUNPATH_SEARCH_PATHS = (
					"$(inherited)",
					"@executable_path/Frameworks",
				);
				MARKETING_VERSION = 1.0;
				PRODUCT_BUNDLE_IDENTIFIER = gbc.ca.TaskTrail;
				PRODUCT_NAME = "$(TARGET_NAME)";
				SWIFT_EMIT_LOC_STRINGS = YES;
				SWIFT_VERSION = 5.0;
				TARGETED_DEVICE_FAMILY = "1,2";
			};
			name = Debug;
		};
		D70A7D662B8E9D8900DCD95B /* Release */ = {
			isa = XCBuildConfiguration;
			buildSettings = {
				ASSETCATALOG_COMPILER_APPICON_NAME = AppIcon;
				ASSETCATALOG_COMPILER_GLOBAL_ACCENT_COLOR_NAME = AccentColor;
				CODE_SIGN_STYLE = Automatic;
				CURRENT_PROJECT_VERSION = 1;
				GENERATE_INFOPLIST_FILE = YES;
				INFOPLIST_FILE = TaskTrail/Info.plist;
				INFOPLIST_KEY_UIApplicationSupportsIndirectInputEvents = YES;
				INFOPLIST_KEY_UILaunchStoryboardName = LaunchScreen;
				INFOPLIST_KEY_UIMainStoryboardFile = Main;
				INFOPLIST_KEY_UISupportedInterfaceOrientations_iPad = "UIInterfaceOrientationPortrait UIInterfaceOrientationPortraitUpsideDown UIInterfaceOrientationLandscapeLeft UIInterfaceOrientationLandscapeRight";
				INFOPLIST_KEY_UISupportedInterfaceOrientations_iPhone = "UIInterfaceOrientationPortrait UIInterfaceOrientationLandscapeLeft UIInterfaceOrientationLandscapeRight";
				LD_RUNPATH_SEARCH_PATHS = (
					"$(inherited)",
					"@executable_path/Frameworks",
				);
				MARKETING_VERSION = 1.0;
				PRODUCT_BUNDLE_IDENTIFIER = gbc.ca.TaskTrail;
				PRODUCT_NAME = "$(TARGET_NAME)";
				SWIFT_EMIT_LOC_STRINGS = YES;
				SWIFT_VERSION = 5.0;
				TARGETED_DEVICE_FAMILY = "1,2";
			};
			name = Release;
		};
		D70A7D682B8E9D8900DCD95B /* Debug */ = {
			isa = XCBuildConfiguration;
			buildSettings = {
				ALWAYS_EMBED_SWIFT_STANDARD_LIBRARIES = YES;
				BUNDLE_LOADER = "$(TEST_HOST)";
				CODE_SIGN_STYLE = Automatic;
				CURRENT_PROJECT_VERSION = 1;
				GENERATE_INFOPLIST_FILE = YES;
				IPHONEOS_DEPLOYMENT_TARGET = 17.2;
				MARKETING_VERSION = 1.0;
				PRODUCT_BUNDLE_IDENTIFIER = gbc.ca.TaskTrailTests;
				PRODUCT_NAME = "$(TARGET_NAME)";
				SWIFT_EMIT_LOC_STRINGS = NO;
				SWIFT_VERSION = 5.0;
				TARGETED_DEVICE_FAMILY = "1,2";
				TEST_HOST = "$(BUILT_PRODUCTS_DIR)/TaskTrail.app/$(BUNDLE_EXECUTABLE_FOLDER_PATH)/TaskTrail";
			};
			name = Debug;
		};
		D70A7D692B8E9D8900DCD95B /* Release */ = {
			isa = XCBuildConfiguration;
			buildSettings = {
				ALWAYS_EMBED_SWIFT_STANDARD_LIBRARIES = YES;
				BUNDLE_LOADER = "$(TEST_HOST)";
				CODE_SIGN_STYLE = Automatic;
				CURRENT_PROJECT_VERSION = 1;
				GENERATE_INFOPLIST_FILE = YES;
				IPHONEOS_DEPLOYMENT_TARGET = 17.2;
				MARKETING_VERSION = 1.0;
				PRODUCT_BUNDLE_IDENTIFIER = gbc.ca.TaskTrailTests;
				PRODUCT_NAME = "$(TARGET_NAME)";
				SWIFT_EMIT_LOC_STRINGS = NO;
				SWIFT_VERSION = 5.0;
				TARGETED_DEVICE_FAMILY = "1,2";
				TEST_HOST = "$(BUILT_PRODUCTS_DIR)/TaskTrail.app/$(BUNDLE_EXECUTABLE_FOLDER_PATH)/TaskTrail";
			};
			name = Release;
		};
		D70A7D6B2B8E9D8900DCD95B /* Debug */ = {
			isa = XCBuildConfiguration;
			buildSettings = {
				ALWAYS_EMBED_SWIFT_STANDARD_LIBRARIES = YES;
				CODE_SIGN_STYLE = Automatic;
				CURRENT_PROJECT_VERSION = 1;
				GENERATE_INFOPLIST_FILE = YES;
				MARKETING_VERSION = 1.0;
				PRODUCT_BUNDLE_IDENTIFIER = gbc.ca.TaskTrailUITests;
				PRODUCT_NAME = "$(TARGET_NAME)";
				SWIFT_EMIT_LOC_STRINGS = NO;
				SWIFT_VERSION = 5.0;
				TARGETED_DEVICE_FAMILY = "1,2";
				TEST_TARGET_NAME = TaskTrail;
			};
			name = Debug;
		};
		D70A7D6C2B8E9D8900DCD95B /* Release */ = {
			isa = XCBuildConfiguration;
			buildSettings = {
				ALWAYS_EMBED_SWIFT_STANDARD_LIBRARIES = YES;
				CODE_SIGN_STYLE = Automatic;
				CURRENT_PROJECT_VERSION = 1;
				GENERATE_INFOPLIST_FILE = YES;
				MARKETING_VERSION = 1.0;
				PRODUCT_BUNDLE_IDENTIFIER = gbc.ca.TaskTrailUITests;
				PRODUCT_NAME = "$(TARGET_NAME)";
				SWIFT_EMIT_LOC_STRINGS = NO;
				SWIFT_VERSION = 5.0;
				TARGETED_DEVICE_FAMILY = "1,2";
				TEST_TARGET_NAME = TaskTrail;
			};
			name = Release;
		};
/* End XCBuildConfiguration section */

/* Begin XCConfigurationList section */
		D70A7D352B8E9D8700DCD95B /* Build configuration list for PBXProject "TaskTrail" */ = {
			isa = XCConfigurationList;
			buildConfigurations = (
				D70A7D622B8E9D8900DCD95B /* Debug */,
				D70A7D632B8E9D8900DCD95B /* Release */,
			);
			defaultConfigurationIsVisible = 0;
			defaultConfigurationName = Release;
		};
		D70A7D642B8E9D8900DCD95B /* Build configuration list for PBXNativeTarget "TaskTrail" */ = {
			isa = XCConfigurationList;
			buildConfigurations = (
				D70A7D652B8E9D8900DCD95B /* Debug */,
				D70A7D662B8E9D8900DCD95B /* Release */,
			);
			defaultConfigurationIsVisible = 0;
			defaultConfigurationName = Release;
		};
		D70A7D672B8E9D8900DCD95B /* Build configuration list for PBXNativeTarget "TaskTrailTests" */ = {
			isa = XCConfigurationList;
			buildConfigurations = (
				D70A7D682B8E9D8900DCD95B /* Debug */,
				D70A7D692B8E9D8900DCD95B /* Release */,
			);
			defaultConfigurationIsVisible = 0;
			defaultConfigurationName = Release;
		};
		D70A7D6A2B8E9D8900DCD95B /* Build configuration list for PBXNativeTarget "TaskTrailUITests" */ = {
			isa = XCConfigurationList;
			buildConfigurations = (
				D70A7D6B2B8E9D8900DCD95B /* Debug */,
				D70A7D6C2B8E9D8900DCD95B /* Release */,
			);
			defaultConfigurationIsVisible = 0;
			defaultConfigurationName = Release;
		};
/* End XCConfigurationList section */
	};
	rootObject = D70A7D322B8E9D8700DCD95B /* Project object */;
}
